
Microsoft Visual Studio Solution File, Format Version 12.00
# Visual Studio Version 16
VisualStudioVersion = 16.0.31129.286
MinimumVisualStudioVersion = 10.0.40219.1
Project("{F2A71F9B-5D33-465A-A702-920D77279786}") = "FizzBuzz.Console", "FizzBuzz.Console\FizzBuzz.Console.fsproj", "{2B7E56D3-C37D-408F-9BC9-F2E3A5CF7CA5}"
EndProject
Project("{F2A71F9B-5D33-465A-A702-920D77279786}") = "FizzBuzz.Logic", "FizzBuzz.Logic\FizzBuzz.Logic.fsproj", "{0FEEE33A-3D41-4F6B-AD4B-9BA4D7E3D061}"
EndProject
Global
	GlobalSection(SolutionConfigurationPlatforms) = preSolution
		Debug|Any CPU = Debug|Any CPU
		Release|Any CPU = Release|Any CPU
	EndGlobalSection
	GlobalSection(ProjectConfigurationPlatforms) = postSolution
		{2B7E56D3-C37D-408F-9BC9-F2E3A5CF7CA5}.Debug|Any CPU.ActiveCfg = Debug|Any CPU
		{2B7E56D3-C37D-408F-9BC9-F2E3A5CF7CA5}.Debug|Any CPU.Build.0 = Debug|Any CPU
		{2B7E56D3-C37D-408F-9BC9-F2E3A5CF7CA5}.Release|Any CPU.ActiveCfg = Release|Any CPU
		{2B7E56D3-C37D-408F-9BC9-F2E3A5CF7CA5}.Release|Any CPU.Build.0 = Release|Any CPU
		{0FEEE33A-3D41-4F6B-AD4B-9BA4D7E3D061}.Debug|Any CPU.ActiveCfg = Debug|Any CPU
		{0FEEE33A-3D41-4F6B-AD4B-9BA4D7E3D061}.Debug|Any CPU.Build.0 = Debug|Any CPU
		{0FEEE33A-3D41-4F6B-AD4B-9BA4D7E3D061}.Release|Any CPU.ActiveCfg = Release|Any CPU
		{0FEEE33A-3D41-4F6B-AD4B-9BA4D7E3D061}.Release|Any CPU.Build.0 = Release|Any CPU
	EndGlobalSection
	GlobalSection(SolutionProperties) = preSolution
		HideSolutionNode = FALSE
	EndGlobalSection
	GlobalSection(ExtensibilityGlobals) = postSolution
		SolutionGuid = {AE5D951A-8F08-4923-BDAD-ADFA93AB3011}
	EndGlobalSection
EndGlobal
